
Microsoft Visual Studio Solution File, Format Version 12.00
# Visual Studio Version 17
VisualStudioVersion = 17.13.35806.99 d17.13
MinimumVisualStudioVersion = 10.0.40219.1
Project("{FAE04EC0-301F-11D3-BF4B-00C04F79EFBC}") = "MinimalApis", "MinimalApis.csproj", "{146DE90F-F7E1-4AC3-B1D7-78CDD21497F9}"
EndProject
Global
	GlobalSection(SolutionConfigurationPlatforms) = preSolution
		Debug|Any CPU = Debug|Any CPU
		Release|Any CPU = Release|Any CPU
	EndGlobalSection
	GlobalSection(ProjectConfigurationPlatforms) = postSolution
		{146DE90F-F7E1-4AC3-B1D7-78CDD21497F9}.Debug|Any CPU.ActiveCfg = Debug|Any CPU
		{146DE90F-F7E1-4AC3-B1D7-78CDD21497F9}.Debug|Any CPU.Build.0 = Debug|Any CPU
		{146DE90F-F7E1-4AC3-B1D7-78CDD21497F9}.Release|Any CPU.ActiveCfg = Release|Any CPU
		{146DE90F-F7E1-4AC3-B1D7-78CDD21497F9}.Release|Any CPU.Build.0 = Release|Any CPU
	EndGlobalSection
	GlobalSection(SolutionProperties) = preSolution
		HideSolutionNode = FALSE
	EndGlobalSection
	GlobalSection(ExtensibilityGlobals) = postSolution
		SolutionGuid = {56ED4A49-3E9D-4BDE-840A-77E6875AD7DD}
	EndGlobalSection
EndGlobal
